
Microsoft Visual Studio Solution File, Format Version 12.00
# Visual Studio 15
VisualStudioVersion = 15.0.27130.2027
MinimumVisualStudioVersion = 10.0.40219.1
Project("{FAE04EC0-301F-11D3-BF4B-00C04F79EFBC}") = "Lab8", "Lab8\Lab8.csproj", "{AFE31197-0432-4E75-926B-270F913EF13B}"
EndProject
Global
	GlobalSection(SolutionConfigurationPlatforms) = preSolution
		Debug|Any CPU = Debug|Any CPU
		Release|Any CPU = Release|Any CPU
	EndGlobalSection
	GlobalSection(ProjectConfigurationPlatforms) = postSolution
		{AFE31197-0432-4E75-926B-270F913EF13B}.Debug|Any CPU.ActiveCfg = Debug|Any CPU
		{AFE31197-0432-4E75-926B-270F913EF13B}.Debug|Any CPU.Build.0 = Debug|Any CPU
		{AFE31197-0432-4E75-926B-270F913EF13B}.Release|Any CPU.ActiveCfg = Release|Any CPU
		{AFE31197-0432-4E75-926B-270F913EF13B}.Release|Any CPU.Build.0 = Release|Any CPU
	EndGlobalSection
	GlobalSection(SolutionProperties) = preSolution
		HideSolutionNode = FALSE
	EndGlobalSection
	GlobalSection(ExtensibilityGlobals) = postSolution
		SolutionGuid = {B0C0D2B1-FFDE-48B7-9CA5-3078B5A34EAC}
	EndGlobalSection
EndGlobal
